{
  "name": "vue-router-state-mixin",
  "version": "1.0.0",
  "lockfileVersion": 1,
  "requires": true,
  "dependencies": {
    "lodash": {
      "version": "4.17.20",
      "resolved": "https://registry.npmjs.org/lodash/-/lodash-4.17.20.tgz",
      "integrity": "sha512-PlhdFcillOINfeV7Ni6oF1TAEayyZBoZ8bcshTHqOYJYlrqzRK5hagpagky5o4HfCzzd1TRkXPMFq6cKk9rGmA=="
    },
    "rison-node": {
      "version": "2.1.1",
      "resolved": "https://registry.npmjs.org/rison-node/-/rison-node-2.1.1.tgz",
      "integrity": "sha512-GuV0OnSL2erZJ0j/9YUsrAdfSh3mGcrq+4wM4PqRftOYT7+TRhxbMrpVZaGC5YIPwncIoOM7PPnskDku5Ywg1Q=="
    }
  }
}
